// !$*UTF8*$!
{
	archiveVersion = 1;
	classes = {
	};
	objectVersion = 46;
	objects = {

/* Begin PBXBuildFile section */
		FF399282161F8D04006EAC14 /* Foundation.framework in Frameworks */ = {isa = PBXBuildFile; fileRef = FF399281161F8D04006EAC14 /* Foundation.framework */; };
		FF399287161F8D04006EAC14 /* RAContentStretchingView.h in CopyFiles */ = {isa = PBXBuildFile; fileRef = FF399286161F8D04006EAC14 /* RAContentStretchingView.h */; };
		FF399289161F8D04006EAC14 /* RAContentStretchingView.m in Sources */ = {isa = PBXBuildFile; fileRef = FF399288161F8D04006EAC14 /* RAContentStretchingView.m */; };
/* End PBXBuildFile section */

/* Begin PBXCopyFilesBuildPhase section */
		FF39927C161F8D04006EAC14 /* CopyFiles */ = {
			isa = PBXCopyFilesBuildPhase;
			buildActionMask = 2147483647;
			dstPath = "include/${PRODUCT_NAME}";
			dstSubfolderSpec = 16;
			files = (
				FF399287161F8D04006EAC14 /* RAContentStretchingView.h in CopyFiles */,
			);
			runOnlyForDeploymentPostprocessing = 0;
		};
/* End PBXCopyFilesBuildPhase section */

/* Begin PBXFileReference section */
		FF39927E161F8D04006EAC14 /* libRAContentStretchingView.a */ = {isa = PBXFileReference; explicitFileType = archive.ar; includeInIndex = 0; path = libRAContentStretchingView.a; sourceTree = BUILT_PRODUCTS_DIR; };
		FF399281161F8D04006EAC14 /* Foundation.framework */ = {isa = PBXFileReference; lastKnownFileType = wrapper.framework; name = Foundation.framework; path = System/Library/Frameworks/Foundation.framework; sourceTree = SDKROOT; };
		FF399285161F8D04006EAC14 /* RAContentStretchingView-Prefix.pch */ = {isa = PBXFileReference; lastKnownFileType = sourcecode.c.h; path = "RAContentStretchingView-Prefix.pch"; sourceTree = "<group>"; };
		FF399286161F8D04006EAC14 /* RAContentStretchingView.h */ = {isa = PBXFileReference; lastKnownFileType = sourcecode.c.h; path = RAContentStretchingView.h; sourceTree = "<group>"; };
		FF399288161F8D04006EAC14 /* RAContentStretchingView.m */ = {isa = PBXFileReference; lastKnownFileType = sourcecode.c.objc; path = RAContentStretchingView.m; sourceTree = "<group>"; };
/* End PBXFileReference section */

/* Begin PBXFrameworksBuildPhase section */
		FF39927B161F8D04006EAC14 /* Frameworks */ = {
			isa = PBXFrameworksBuildPhase;
			buildActionMask = 2147483647;
			files = (
				FF399282161F8D04006EAC14 /* Foundation.framework in Frameworks */,
			);
			runOnlyForDeploymentPostprocessing = 0;
		};
/* End PBXFrameworksBuildPhase section */

/* Begin PBXGroup section */
		FF399273161F8D04006EAC14 = {
			isa = PBXGroup;
			children = (
				FF399283161F8D04006EAC14 /* RAContentStretchingView */,
				FF399280161F8D04006EAC14 /* Frameworks */,
				FF39927F161F8D04006EAC14 /* Products */,
			);
			sourceTree = "<group>";
		};
		FF39927F161F8D04006EAC14 /* Products */ = {
			isa = PBXGroup;
			children = (
				FF39927E161F8D04006EAC14 /* libRAContentStretchingView.a */,
			);
			name = Products;
			sourceTree = "<group>";
		};
		FF399280161F8D04006EAC14 /* Frameworks */ = {
			isa = PBXGroup;
			children = (
				FF399281161F8D04006EAC14 /* Foundation.framework */,
			);
			name = Frameworks;
			sourceTree = "<group>";
		};
		FF399283161F8D04006EAC14 /* RAContentStretchingView */ = {
			isa = PBXGroup;
			children = (
				FF399286161F8D04006EAC14 /* RAContentStretchingView.h */,
				FF399288161F8D04006EAC14 /* RAContentStretchingView.m */,
				FF399284161F8D04006EAC14 /* Supporting Files */,
			);
			path = RAContentStretchingView;
			sourceTree = "<group>";
		};
		FF399284161F8D04006EAC14 /* Supporting Files */ = {
			isa = PBXGroup;
			children = (
				FF399285161F8D04006EAC14 /* RAContentStretchingView-Prefix.pch */,
			);
			name = "Supporting Files";
			sourceTree = "<group>";
		};
/* End PBXGroup section */

/* Begin PBXNativeTarget section */
		FF39927D161F8D04006EAC14 /* RAContentStretchingView */ = {
			isa = PBXNativeTarget;
			buildConfigurationList = FF39928C161F8D04006EAC14 /* Build configuration list for PBXNativeTarget "RAContentStretchingView" */;
			buildPhases = (
				FF39927A161F8D04006EAC14 /* Sources */,
				FF39927B161F8D04006EAC14 /* Frameworks */,
				FF39927C161F8D04006EAC14 /* CopyFiles */,
			);
			buildRules = (
			);
			dependencies = (
			);
			name = RAContentStretchingView;
			productName = RAContentStretchingView;
			productReference = FF39927E161F8D04006EAC14 /* libRAContentStretchingView.a */;
			productType = "com.apple.product-type.library.static";
		};
/* End PBXNativeTarget section */

/* Begin PBXProject section */
		FF399275161F8D04006EAC14 /* Project object */ = {
			isa = PBXProject;
			attributes = {
				LastUpgradeCheck = 0450;
				ORGANIZATIONNAME = Radius;
			};
			buildConfigurationList = FF399278161F8D04006EAC14 /* Build configuration list for PBXProject "RAContentStretchingView" */;
			compatibilityVersion = "Xcode 3.2";
			developmentRegion = English;
			hasScannedForEncodings = 0;
			knownRegions = (
				en,
			);
			mainGroup = FF399273161F8D04006EAC14;
			productRefGroup = FF39927F161F8D04006EAC14 /* Products */;
			projectDirPath = "";
			projectRoot = "";
			targets = (
				FF39927D161F8D04006EAC14 /* RAContentStretchingView */,
			);
		};
/* End PBXProject section */

/* Begin PBXSourcesBuildPhase section */
		FF39927A161F8D04006EAC14 /* Sources */ = {
			isa = PBXSourcesBuildPhase;
			buildActionMask = 2147483647;
			files = (
				FF399289161F8D04006EAC14 /* RAContentStretchingView.m in Sources */,
			);
			runOnlyForDeploymentPostprocessing = 0;
		};
/* End PBXSourcesBuildPhase section */

/* Begin XCBuildConfiguration section */
		FF39928A161F8D04006EAC14 /* Debug */ = {
			isa = XCBuildConfiguration;
			buildSettings = {
				ALWAYS_SEARCH_USER_PATHS = NO;
				CLANG_CXX_LANGUAGE_STANDARD = "gnu++0x";
				CLANG_CXX_LIBRARY = "libc++";
				CLANG_ENABLE_OBJC_ARC = YES;
				CLANG_WARN_EMPTY_BODY = YES;
				CLANG_WARN__DUPLICATE_METHOD_MATCH = YES;
				COPY_PHASE_STRIP = NO;
				GCC_C_LANGUAGE_STANDARD = gnu99;
				GCC_DYNAMIC_NO_PIC = NO;
				GCC_OPTIMIZATION_LEVEL = 0;
				GCC_PREPROCESSOR_DEFINITIONS = (
					"DEBUG=1",
					"$(inherited)",
				);
				GCC_SYMBOLS_PRIVATE_EXTERN = NO;
				GCC_WARN_ABOUT_RETURN_TYPE = YES;
				GCC_WARN_UNINITIALIZED_AUTOS = YES;
				GCC_WARN_UNUSED_VARIABLE = YES;
				IPHONEOS_DEPLOYMENT_TARGET = 6.0;
				SDKROOT = iphoneos;
			};
			name = Debug;
		};
		FF39928B161F8D04006EAC14 /* Release */ = {
			isa = XCBuildConfiguration;
			buildSettings = {
				ALWAYS_SEARCH_USER_PATHS = NO;
				CLANG_CXX_LANGUAGE_STANDARD = "gnu++0x";
				CLANG_CXX_LIBRARY = "libc++";
				CLANG_ENABLE_OBJC_ARC = YES;
				CLANG_WARN_EMPTY_BODY = YES;
				CLANG_WARN__DUPLICATE_METHOD_MATCH = YES;
				COPY_PHASE_STRIP = YES;
				GCC_C_LANGUAGE_STANDARD = gnu99;
				GCC_WARN_ABOUT_RETURN_TYPE = YES;
				GCC_WARN_UNINITIALIZED_AUTOS = YES;
				GCC_WARN_UNUSED_VARIABLE = YES;
				IPHONEOS_DEPLOYMENT_TARGET = 6.0;
				SDKROOT = iphoneos;
				VALIDATE_PRODUCT = YES;
			};
			name = Release;
		};
		FF39928D161F8D04006EAC14 /* Debug */ = {
			isa = XCBuildConfiguration;
			buildSettings = {
				DSTROOT = /tmp/RAContentStretchingView.dst;
				GCC_PRECOMPILE_PREFIX_HEADER = YES;
				GCC_PREFIX_HEADER = "RAContentStretchingView/RAContentStretchingView-Prefix.pch";
				OTHER_LDFLAGS = "-ObjC";
				PRODUCT_NAME = "$(TARGET_NAME)";
				SKIP_INSTALL = YES;
			};
			name = Debug;
		};
		FF39928E161F8D04006EAC14 /* Release */ = {
			isa = XCBuildConfiguration;
			buildSettings = {
				DSTROOT = /tmp/RAContentStretchingView.dst;
				GCC_PRECOMPILE_PREFIX_HEADER = YES;
				GCC_PREFIX_HEADER = "RAContentStretchingView/RAContentStretchingView-Prefix.pch";
				OTHER_LDFLAGS = "-ObjC";
				PRODUCT_NAME = "$(TARGET_NAME)";
				SKIP_INSTALL = YES;
			};
			name = Release;
		};
/* End XCBuildConfiguration section */

/* Begin XCConfigurationList section */
		FF399278161F8D04006EAC14 /* Build configuration list for PBXProject "RAContentStretchingView" */ = {
			isa = XCConfigurationList;
			buildConfigurations = (
				FF39928A161F8D04006EAC14 /* Debug */,
				FF39928B161F8D04006EAC14 /* Release */,
			);
			defaultConfigurationIsVisible = 0;
			defaultConfigurationName = Release;
		};
		FF39928C161F8D04006EAC14 /* Build configuration list for PBXNativeTarget "RAContentStretchingView" */ = {
			isa = XCConfigurationList;
			buildConfigurations = (
				FF39928D161F8D04006EAC14 /* Debug */,
				FF39928E161F8D04006EAC14 /* Release */,
			);
			defaultConfigurationIsVisible = 0;
		};
/* End XCConfigurationList section */
	};
	rootObject = FF399275161F8D04006EAC14 /* Project object */;
}
